// !$*UTF8*$!
{
	archiveVersion = 1;
	classes = {
	};
	objectVersion = 50;
	objects = {

/* Begin PBXBuildFile section */
		32519D2F25812A21001C1908 /* TicTacToeApp.swift in Sources */ = {isa = PBXBuildFile; fileRef = 32519D2E25812A21001C1908 /* TicTacToeApp.swift */; };
		32519D3125812A21001C1908 /* ContentView.swift in Sources */ = {isa = PBXBuildFile; fileRef = 32519D3025812A21001C1908 /* ContentView.swift */; };
		32519D3325812A21001C1908 /* Assets.xcassets in Resources */ = {isa = PBXBuildFile; fileRef = 32519D3225812A21001C1908 /* Assets.xcassets */; };
		32519D3625812A21001C1908 /* Preview Assets.xcassets in Resources */ = {isa = PBXBuildFile; fileRef = 32519D3525812A21001C1908 /* Preview Assets.xcassets */; };
		32519D4125812A22001C1908 /* TicTacToeTests.swift in Sources */ = {isa = PBXBuildFile; fileRef = 32519D4025812A22001C1908 /* TicTacToeTests.swift */; };
		32519D4C25812A22001C1908 /* TicTacToeUITests.swift in Sources */ = {isa = PBXBuildFile; fileRef = 32519D4B25812A22001C1908 /* TicTacToeUITests.swift */; };
		32519D5D25812B66001C1908 /* Board.swift in Sources */ = {isa = PBXBuildFile; fileRef = 32519D5C25812B66001C1908 /* Board.swift */; };
		32519D672581481E001C1908 /* MultiplayerView.swift in Sources */ = {isa = PBXBuildFile; fileRef = 32519D662581481E001C1908 /* MultiplayerView.swift */; };
		32519D6C2581485B001C1908 /* SinglePlayerView.swift in Sources */ = {isa = PBXBuildFile; fileRef = 32519D6B2581485B001C1908 /* SinglePlayerView.swift */; };
/* End PBXBuildFile section */

/* Begin PBXContainerItemProxy section */
		32519D3D25812A22001C1908 /* PBXContainerItemProxy */ = {
			isa = PBXContainerItemProxy;
			containerPortal = 32519D2325812A21001C1908 /* Project object */;
			proxyType = 1;
			remoteGlobalIDString = 32519D2A25812A21001C1908;
			remoteInfo = TicTacToe;
		};
		32519D4825812A22001C1908 /* PBXContainerItemProxy */ = {
			isa = PBXContainerItemProxy;
			containerPortal = 32519D2325812A21001C1908 /* Project object */;
			proxyType = 1;
			remoteGlobalIDString = 32519D2A25812A21001C1908;
			remoteInfo = TicTacToe;
		};
/* End PBXContainerItemProxy section */

/* Begin PBXFileReference section */
		32519D2B25812A21001C1908 /* TicTacToe.app */ = {isa = PBXFileReference; explicitFileType = wrapper.application; includeInIndex = 0; path = TicTacToe.app; sourceTree = BUILT_PRODUCTS_DIR; };
		32519D2E25812A21001C1908 /* TicTacToeApp.swift */ = {isa = PBXFileReference; lastKnownFileType = sourcecode.swift; path = TicTacToeApp.swift; sourceTree = "<group>"; };
		32519D3025812A21001C1908 /* ContentView.swift */ = {isa = PBXFileReference; lastKnownFileType = sourcecode.swift; path = ContentView.swift; sourceTree = "<group>"; };
		32519D3225812A21001C1908 /* Assets.xcassets */ = {isa = PBXFileReference; lastKnownFileType = folder.assetcatalog; path = Assets.xcassets; sourceTree = "<group>"; };
		32519D3525812A21001C1908 /* Preview Assets.xcassets */ = {isa = PBXFileReference; lastKnownFileType = folder.assetcatalog; path = "Preview Assets.xcassets"; sourceTree = "<group>"; };
		32519D3725812A21001C1908 /* Info.plist */ = {isa = PBXFileReference; lastKnownFileType = text.plist.xml; path = Info.plist; sourceTree = "<group>"; };
		32519D3C25812A22001C1908 /* TicTacToeTests.xctest */ = {isa = PBXFileReference; explicitFileType = wrapper.cfbundle; includeInIndex = 0; path = TicTacToeTests.xctest; sourceTree = BUILT_PRODUCTS_DIR; };
		32519D4025812A22001C1908 /* TicTacToeTests.swift */ = {isa = PBXFileReference; lastKnownFileType = sourcecode.swift; path = TicTacToeTests.swift; sourceTree = "<group>"; };
		32519D4225812A22001C1908 /* Info.plist */ = {isa = PBXFileReference; lastKnownFileType = text.plist.xml; path = Info.plist; sourceTree = "<group>"; };
		32519D4725812A22001C1908 /* TicTacToeUITests.xctest */ = {isa = PBXFileReference; explicitFileType = wrapper.cfbundle; includeInIndex = 0; path = TicTacToeUITests.xctest; sourceTree = BUILT_PRODUCTS_DIR; };
		32519D4B25812A22001C1908 /* TicTacToeUITests.swift */ = {isa = PBXFileReference; lastKnownFileType = sourcecode.swift; path = TicTacToeUITests.swift; sourceTree = "<group>"; };
		32519D4D25812A22001C1908 /* Info.plist */ = {isa = PBXFileReference; lastKnownFileType = text.plist.xml; path = Info.plist; sourceTree = "<group>"; };
		32519D5C25812B66001C1908 /* Board.swift */ = {isa = PBXFileReference; lastKnownFileType = sourcecode.swift; path = Board.swift; sourceTree = "<group>"; };
		32519D662581481E001C1908 /* MultiplayerView.swift */ = {isa = PBXFileReference; lastKnownFileType = sourcecode.swift; path = MultiplayerView.swift; sourceTree = "<group>"; };
		32519D6B2581485B001C1908 /* SinglePlayerView.swift */ = {isa = PBXFileReference; lastKnownFileType = sourcecode.swift; path = SinglePlayerView.swift; sourceTree = "<group>"; };
/* End PBXFileReference section */

/* Begin PBXFrameworksBuildPhase section */
		32519D2825812A21001C1908 /* Frameworks */ = {
			isa = PBXFrameworksBuildPhase;
			buildActionMask = 2147483647;
			files = (
			);
			runOnlyForDeploymentPostprocessing = 0;
		};
		32519D3925812A22001C1908 /* Frameworks */ = {
			isa = PBXFrameworksBuildPhase;
			buildActionMask = 2147483647;
			files = (
			);
			runOnlyForDeploymentPostprocessing = 0;
		};
		32519D4425812A22001C1908 /* Frameworks */ = {
			isa = PBXFrameworksBuildPhase;
			buildActionMask = 2147483647;
			files = (
			);
			runOnlyForDeploymentPostprocessing = 0;
		};
/* End PBXFrameworksBuildPhase section */

/* Begin PBXGroup section */
		32519D2225812A21001C1908 = {
			isa = PBXGroup;
			children = (
				32519D2D25812A21001C1908 /* TicTacToe */,
				32519D3F25812A22001C1908 /* TicTacToeTests */,
				32519D4A25812A22001C1908 /* TicTacToeUITests */,
				32519D2C25812A21001C1908 /* Products */,
			);
			sourceTree = "<group>";
		};
		32519D2C25812A21001C1908 /* Products */ = {
			isa = PBXGroup;
			children = (
				32519D2B25812A21001C1908 /* TicTacToe.app */,
				32519D3C25812A22001C1908 /* TicTacToeTests.xctest */,
				32519D4725812A22001C1908 /* TicTacToeUITests.xctest */,
			);
			name = Products;
			sourceTree = "<group>";
		};
		32519D2D25812A21001C1908 /* TicTacToe */ = {
			isa = PBXGroup;
			children = (
				32519D2E25812A21001C1908 /* TicTacToeApp.swift */,
				32519D3025812A21001C1908 /* ContentView.swift */,
				32519D6B2581485B001C1908 /* SinglePlayerView.swift */,
				32519D662581481E001C1908 /* MultiplayerView.swift */,
				32519D5C25812B66001C1908 /* Board.swift */,
				32519D3225812A21001C1908 /* Assets.xcassets */,
				32519D3725812A21001C1908 /* Info.plist */,
				32519D3425812A21001C1908 /* Preview Content */,
			);
			path = TicTacToe;
			sourceTree = "<group>";
		};
		32519D3425812A21001C1908 /* Preview Content */ = {
			isa = PBXGroup;
			children = (
				32519D3525812A21001C1908 /* Preview Assets.xcassets */,
			);
			path = "Preview Content";
			sourceTree = "<group>";
		};
		32519D3F25812A22001C1908 /* TicTacToeTests */ = {
			isa = PBXGroup;
			children = (
				32519D4025812A22001C1908 /* TicTacToeTests.swift */,
				32519D4225812A22001C1908 /* Info.plist */,
			);
			path = TicTacToeTests;
			sourceTree = "<group>";
		};
		32519D4A25812A22001C1908 /* TicTacToeUITests */ = {
			isa = PBXGroup;
			children = (
				32519D4B25812A22001C1908 /* TicTacToeUITests.swift */,
				32519D4D25812A22001C1908 /* Info.plist */,
			);
			path = TicTacToeUITests;
			sourceTree = "<group>";
		};
/* End PBXGroup section */

/* Begin PBXNativeTarget section */
		32519D2A25812A21001C1908 /* TicTacToe */ = {
			isa = PBXNativeTarget;
			buildConfigurationList = 32519D5025812A22001C1908 /* Build configuration list for PBXNativeTarget "TicTacToe" */;
			buildPhases = (
				32519D2725812A21001C1908 /* Sources */,
				32519D2825812A21001C1908 /* Frameworks */,
				32519D2925812A21001C1908 /* Resources */,
			);
			buildRules = (
			);
			dependencies = (
			);
			name = TicTacToe;
			productName = TicTacToe;
			productReference = 32519D2B25812A21001C1908 /* TicTacToe.app */;
			productType = "com.apple.product-type.application";
		};
		32519D3B25812A22001C1908 /* TicTacToeTests */ = {
			isa = PBXNativeTarget;
			buildConfigurationList = 32519D5325812A22001C1908 /* Build configuration list for PBXNativeTarget "TicTacToeTests" */;
			buildPhases = (
				32519D3825812A22001C1908 /* Sources */,
				32519D3925812A22001C1908 /* Frameworks */,
				32519D3A25812A22001C1908 /* Resources */,
			);
			buildRules = (
			);
			dependencies = (
				32519D3E25812A22001C1908 /* PBXTargetDependency */,
			);
			name = TicTacToeTests;
			productName = TicTacToeTests;
			productReference = 32519D3C25812A22001C1908 /* TicTacToeTests.xctest */;
			productType = "com.apple.product-type.bundle.unit-test";
		};
		32519D4625812A22001C1908 /* TicTacToeUITests */ = {
			isa = PBXNativeTarget;
			buildConfigurationList = 32519D5625812A22001C1908 /* Build configuration list for PBXNativeTarget "TicTacToeUITests" */;
			buildPhases = (
				32519D4325812A22001C1908 /* Sources */,
				32519D4425812A22001C1908 /* Frameworks */,
				32519D4525812A22001C1908 /* Resources */,
			);
			buildRules = (
			);
			dependencies = (
				32519D4925812A22001C1908 /* PBXTargetDependency */,
			);
			name = TicTacToeUITests;
			productName = TicTacToeUITests;
			productReference = 32519D4725812A22001C1908 /* TicTacToeUITests.xctest */;
			productType = "com.apple.product-type.bundle.ui-testing";
		};
/* End PBXNativeTarget section */

/* Begin PBXProject section */
		32519D2325812A21001C1908 /* Project object */ = {
			isa = PBXProject;
			attributes = {
				LastSwiftUpdateCheck = 1220;
				LastUpgradeCheck = 1220;
				TargetAttributes = {
					32519D2A25812A21001C1908 = {
						CreatedOnToolsVersion = 12.2;
					};
					32519D3B25812A22001C1908 = {
						CreatedOnToolsVersion = 12.2;
						TestTargetID = 32519D2A25812A21001C1908;
					};
					32519D4625812A22001C1908 = {
						CreatedOnToolsVersion = 12.2;
						TestTargetID = 32519D2A25812A21001C1908;
					};
				};
			};
			buildConfigurationList = 32519D2625812A21001C1908 /* Build configuration list for PBXProject "TicTacToe" */;
			compatibilityVersion = "Xcode 9.3";
			developmentRegion = en;
			hasScannedForEncodings = 0;
			knownRegions = (
				en,
				Base,
			);
			mainGroup = 32519D2225812A21001C1908;
			productRefGroup = 32519D2C25812A21001C1908 /* Products */;
			projectDirPath = "";
			projectRoot = "";
			targets = (
				32519D2A25812A21001C1908 /* TicTacToe */,
				32519D3B25812A22001C1908 /* TicTacToeTests */,
				32519D4625812A22001C1908 /* TicTacToeUITests */,
			);
		};
/* End PBXProject section */

/* Begin PBXResourcesBuildPhase section */
		32519D2925812A21001C1908 /* Resources */ = {
			isa = PBXResourcesBuildPhase;
			buildActionMask = 2147483647;
			files = (
				32519D3625812A21001C1908 /* Preview Assets.xcassets in Resources */,
				32519D3325812A21001C1908 /* Assets.xcassets in Resources */,
			);
			runOnlyForDeploymentPostprocessing = 0;
		};
		32519D3A25812A22001C1908 /* Resources */ = {
			isa = PBXResourcesBuildPhase;
			buildActionMask = 2147483647;
			files = (
			);
			runOnlyForDeploymentPostprocessing = 0;
		};
		32519D4525812A22001C1908 /* Resources */ = {
			isa = PBXResourcesBuildPhase;
			buildActionMask = 2147483647;
			files = (
			);
			runOnlyForDeploymentPostprocessing = 0;
		};
/* End PBXResourcesBuildPhase section */

/* Begin PBXSourcesBuildPhase section */
		32519D2725812A21001C1908 /* Sources */ = {
			isa = PBXSourcesBuildPhase;
			buildActionMask = 2147483647;
			files = (
				32519D3125812A21001C1908 /* ContentView.swift in Sources */,
				32519D6C2581485B001C1908 /* SinglePlayerView.swift in Sources */,
				32519D2F25812A21001C1908 /* TicTacToeApp.swift in Sources */,
				32519D5D25812B66001C1908 /* Board.swift in Sources */,
				32519D672581481E001C1908 /* MultiplayerView.swift in Sources */,
			);
			runOnlyForDeploymentPostprocessing = 0;
		};
		32519D3825812A22001C1908 /* Sources */ = {
			isa = PBXSourcesBuildPhase;
			buildActionMask = 2147483647;
			files = (
				32519D4125812A22001C1908 /* TicTacToeTests.swift in Sources */,
			);
			runOnlyForDeploymentPostprocessing = 0;
		};
		32519D4325812A22001C1908 /* Sources */ = {
			isa = PBXSourcesBuildPhase;
			buildActionMask = 2147483647;
			files = (
				32519D4C25812A22001C1908 /* TicTacToeUITests.swift in Sources */,
			);
			runOnlyForDeploymentPostprocessing = 0;
		};
/* End PBXSourcesBuildPhase section */

/* Begin PBXTargetDependency section */
		32519D3E25812A22001C1908 /* PBXTargetDependency */ = {
			isa = PBXTargetDependency;
			target = 32519D2A25812A21001C1908 /* TicTacToe */;
			targetProxy = 32519D3D25812A22001C1908 /* PBXContainerItemProxy */;
		};
		32519D4925812A22001C1908 /* PBXTargetDependency */ = {
			isa = PBXTargetDependency;
			target = 32519D2A25812A21001C1908 /* TicTacToe */;
			targetProxy = 32519D4825812A22001C1908 /* PBXContainerItemProxy */;
		};
/* End PBXTargetDependency section */

/* Begin XCBuildConfiguration section */
		32519D4E25812A22001C1908 /* Debug */ = {
			isa = XCBuildConfiguration;
			buildSettings = {
				ALWAYS_SEARCH_USER_PATHS = NO;
				CLANG_ANALYZER_NONNULL = YES;
				CLANG_ANALYZER_NUMBER_OBJECT_CONVERSION = YES_AGGRESSIVE;
				CLANG_CXX_LANGUAGE_STANDARD = "gnu++14";
				CLANG_CXX_LIBRARY = "libc++";
				CLANG_ENABLE_MODULES = YES;
				CLANG_ENABLE_OBJC_ARC = YES;
				CLANG_ENABLE_OBJC_WEAK = YES;
				CLANG_WARN_BLOCK_CAPTURE_AUTORELEASING = YES;
				CLANG_WARN_BOOL_CONVERSION = YES;
				CLANG_WARN_COMMA = YES;
				CLANG_WARN_CONSTANT_CONVERSION = YES;
				CLANG_WARN_DEPRECATED_OBJC_IMPLEMENTATIONS = YES;
				CLANG_WARN_DIRECT_OBJC_ISA_USAGE = YES_ERROR;
				CLANG_WARN_DOCUMENTATION_COMMENTS = YES;
				CLANG_WARN_EMPTY_BODY = YES;
				CLANG_WARN_ENUM_CONVERSION = YES;
				CLANG_WARN_INFINITE_RECURSION = YES;
				CLANG_WARN_INT_CONVERSION = YES;
				CLANG_WARN_NON_LITERAL_NULL_CONVERSION = YES;
				CLANG_WARN_OBJC_IMPLICIT_RETAIN_SELF = YES;
				CLANG_WARN_OBJC_LITERAL_CONVERSION = YES;
				CLANG_WARN_OBJC_ROOT_CLASS = YES_ERROR;
				CLANG_WARN_QUOTED_INCLUDE_IN_FRAMEWORK_HEADER = YES;
				CLANG_WARN_RANGE_LOOP_ANALYSIS = YES;
				CLANG_WARN_STRICT_PROTOTYPES = YES;
				CLANG_WARN_SUSPICIOUS_MOVE = YES;
				CLANG_WARN_UNGUARDED_AVAILABILITY = YES_AGGRESSIVE;
				CLANG_WARN_UNREACHABLE_CODE = YES;
				CLANG_WARN__DUPLICATE_METHOD_MATCH = YES;
				COPY_PHASE_STRIP = NO;
				DEBUG_INFORMATION_FORMAT = dwarf;
				ENABLE_STRICT_OBJC_MSGSEND = YES;
				ENABLE_TESTABILITY = YES;
				GCC_C_LANGUAGE_STANDARD = gnu11;
				GCC_DYNAMIC_NO_PIC = NO;
				GCC_NO_COMMON_BLOCKS = YES;
				GCC_OPTIMIZATION_LEVEL = 0;
				GCC_PREPROCESSOR_DEFINITIONS = (
					"DEBUG=1",
					"$(inherited)",
				);
				GCC_WARN_64_TO_32_BIT_CONVERSION = YES;
				GCC_WARN_ABOUT_RETURN_TYPE = YES_ERROR;
				GCC_WARN_UNDECLARED_SELECTOR = YES;
				GCC_WARN_UNINITIALIZED_AUTOS = YES_AGGRESSIVE;
				GCC_WARN_UNUSED_FUNCTION = YES;
				GCC_WARN_UNUSED_VARIABLE = YES;
				IPHONEOS_DEPLOYMENT_TARGET = 14.2;
				MTL_ENABLE_DEBUG_INFO = INCLUDE_SOURCE;
				MTL_FAST_MATH = YES;
				ONLY_ACTIVE_ARCH = YES;
				SDKROOT = iphoneos;
				SWIFT_ACTIVE_COMPILATION_CONDITIONS = DEBUG;
				SWIFT_OPTIMIZATION_LEVEL = "-Onone";
			};
			name = Debug;
		};
		32519D4F25812A22001C1908 /* Release */ = {
			isa = XCBuildConfiguration;
			buildSettings = {
				ALWAYS_SEARCH_USER_PATHS = NO;
				CLANG_ANALYZER_NONNULL = YES;
				CLANG_ANALYZER_NUMBER_OBJECT_CONVERSION = YES_AGGRESSIVE;
				CLANG_CXX_LANGUAGE_STANDARD = "gnu++14";
				CLANG_CXX_LIBRARY = "libc++";
				CLANG_ENABLE_MODULES = YES;
				CLANG_ENABLE_OBJC_ARC = YES;
				CLANG_ENABLE_OBJC_WEAK = YES;
				CLANG_WARN_BLOCK_CAPTURE_AUTORELEASING = YES;
				CLANG_WARN_BOOL_CONVERSION = YES;
				CLANG_WARN_COMMA = YES;
				CLANG_WARN_CONSTANT_CONVERSION = YES;
				CLANG_WARN_DEPRECATED_OBJC_IMPLEMENTATIONS = YES;
				CLANG_WARN_DIRECT_OBJC_ISA_USAGE = YES_ERROR;
				CLANG_WARN_DOCUMENTATION_COMMENTS = YES;
				CLANG_WARN_EMPTY_BODY = YES;
				CLANG_WARN_ENUM_CONVERSION = YES;
				CLANG_WARN_INFINITE_RECURSION = YES;
				CLANG_WARN_INT_CONVERSION = YES;
				CLANG_WARN_NON_LITERAL_NULL_CONVERSION = YES;
				CLANG_WARN_OBJC_IMPLICIT_RETAIN_SELF = YES;
				CLANG_WARN_OBJC_LITERAL_CONVERSION = YES;
				CLANG_WARN_OBJC_ROOT_CLASS = YES_ERROR;
				CLANG_WARN_QUOTED_INCLUDE_IN_FRAMEWORK_HEADER = YES;
				CLANG_WARN_RANGE_LOOP_ANALYSIS = YES;
				CLANG_WARN_STRICT_PROTOTYPES = YES;
				CLANG_WARN_SUSPICIOUS_MOVE = YES;
				CLANG_WARN_UNGUARDED_AVAILABILITY = YES_AGGRESSIVE;
				CLANG_WARN_UNREACHABLE_CODE = YES;
				CLANG_WARN__DUPLICATE_METHOD_MATCH = YES;
				COPY_PHASE_STRIP = NO;
				DEBUG_INFORMATION_FORMAT = "dwarf-with-dsym";
				ENABLE_NS_ASSERTIONS = NO;
				ENABLE_STRICT_OBJC_MSGSEND = YES;
				GCC_C_LANGUAGE_STANDARD = gnu11;
				GCC_NO_COMMON_BLOCKS = YES;
				GCC_WARN_64_TO_32_BIT_CONVERSION = YES;
				GCC_WARN_ABOUT_RETURN_TYPE = YES_ERROR;
				GCC_WARN_UNDECLARED_SELECTOR = YES;
				GCC_WARN_UNINITIALIZED_AUTOS = YES_AGGRESSIVE;
				GCC_WARN_UNUSED_FUNCTION = YES;
				GCC_WARN_UNUSED_VARIABLE = YES;
				IPHONEOS_DEPLOYMENT_TARGET = 14.2;
				MTL_ENABLE_DEBUG_INFO = NO;
				MTL_FAST_MATH = YES;
				SDKROOT = iphoneos;
				SWIFT_COMPILATION_MODE = wholemodule;
				SWIFT_OPTIMIZATION_LEVEL = "-O";
				VALIDATE_PRODUCT = YES;
			};
			name = Release;
		};
		32519D5125812A22001C1908 /* Debug */ = {
			isa = XCBuildConfiguration;
			buildSettings = {
				ASSETCATALOG_COMPILER_APPICON_NAME = AppIcon;
				ASSETCATALOG_COMPILER_GLOBAL_ACCENT_COLOR_NAME = AccentColor;
				CODE_SIGN_STYLE = Automatic;
				DEVELOPMENT_ASSET_PATHS = "\"TicTacToe/Preview Content\"";
				DEVELOPMENT_TEAM = L3VS2GX4A2;
				ENABLE_PREVIEWS = YES;
				INFOPLIST_FILE = TicTacToe/Info.plist;
				IPHONEOS_DEPLOYMENT_TARGET = 14.0;
				LD_RUNPATH_SEARCH_PATHS = (
					"$(inherited)",
					"@executable_path/Frameworks",
				);
				PRODUCT_BUNDLE_IDENTIFIER = iancreech.TicTacToe;
				PRODUCT_NAME = "$(TARGET_NAME)";
				SWIFT_VERSION = 5.0;
				TARGETED_DEVICE_FAMILY = "1,2";
			};
			name = Debug;
		};
		32519D5225812A22001C1908 /* Release */ = {
			isa = XCBuildConfiguration;
			buildSettings = {
				ASSETCATALOG_COMPILER_APPICON_NAME = AppIcon;
				ASSETCATALOG_COMPILER_GLOBAL_ACCENT_COLOR_NAME = AccentColor;
				CODE_SIGN_STYLE = Automatic;
				DEVELOPMENT_ASSET_PATHS = "\"TicTacToe/Preview Content\"";
				DEVELOPMENT_TEAM = L3VS2GX4A2;
				ENABLE_PREVIEWS = YES;
				INFOPLIST_FILE = TicTacToe/Info.plist;
				IPHONEOS_DEPLOYMENT_TARGET = 14.0;
				LD_RUNPATH_SEARCH_PATHS = (
					"$(inherited)",
					"@executable_path/Frameworks",
				);
				PRODUCT_BUNDLE_IDENTIFIER = iancreech.TicTacToe;
				PRODUCT_NAME = "$(TARGET_NAME)";
				SWIFT_VERSION = 5.0;
				TARGETED_DEVICE_FAMILY = "1,2";
			};
			name = Release;
		};
		32519D5425812A22001C1908 /* Debug */ = {
			isa = XCBuildConfiguration;
			buildSettings = {
				ALWAYS_EMBED_SWIFT_STANDARD_LIBRARIES = YES;
				BUNDLE_LOADER = "$(TEST_HOST)";
				CODE_SIGN_STYLE = Automatic;
				DEVELOPMENT_TEAM = L3VS2GX4A2;
				INFOPLIST_FILE = TicTacToeTests/Info.plist;
				IPHONEOS_DEPLOYMENT_TARGET = 14.0;
				LD_RUNPATH_SEARCH_PATHS = (
					"$(inherited)",
					"@executable_path/Frameworks",
					"@loader_path/Frameworks",
				);
				PRODUCT_BUNDLE_IDENTIFIER = iancreech.TicTacToeTests;
				PRODUCT_NAME = "$(TARGET_NAME)";
				SWIFT_VERSION = 5.0;
				TARGETED_DEVICE_FAMILY = "1,2";
				TEST_HOST = "$(BUILT_PRODUCTS_DIR)/TicTacToe.app/TicTacToe";
			};
			name = Debug;
		};
		32519D5525812A22001C1908 /* Release */ = {
			isa = XCBuildConfiguration;
			buildSettings = {
				ALWAYS_EMBED_SWIFT_STANDARD_LIBRARIES = YES;
				BUNDLE_LOADER = "$(TEST_HOST)";
				CODE_SIGN_STYLE = Automatic;
				DEVELOPMENT_TEAM = L3VS2GX4A2;
				INFOPLIST_FILE = TicTacToeTests/Info.plist;
				IPHONEOS_DEPLOYMENT_TARGET = 14.0;
				LD_RUNPATH_SEARCH_PATHS = (
					"$(inherited)",
					"@executable_path/Frameworks",
					"@loader_path/Frameworks",
				);
				PRODUCT_BUNDLE_IDENTIFIER = iancreech.TicTacToeTests;
				PRODUCT_NAME = "$(TARGET_NAME)";
				SWIFT_VERSION = 5.0;
				TARGETED_DEVICE_FAMILY = "1,2";
				TEST_HOST = "$(BUILT_PRODUCTS_DIR)/TicTacToe.app/TicTacToe";
			};
			name = Release;
		};
		32519D5725812A22001C1908 /* Debug */ = {
			isa = XCBuildConfiguration;
			buildSettings = {
				ALWAYS_EMBED_SWIFT_STANDARD_LIBRARIES = YES;
				CODE_SIGN_STYLE = Automatic;
				DEVELOPMENT_TEAM = L3VS2GX4A2;
				INFOPLIST_FILE = TicTacToeUITests/Info.plist;
				LD_RUNPATH_SEARCH_PATHS = (
					"$(inherited)",
					"@executable_path/Frameworks",
					"@loader_path/Frameworks",
				);
				PRODUCT_BUNDLE_IDENTIFIER = iancreech.TicTacToeUITests;
				PRODUCT_NAME = "$(TARGET_NAME)";
				SWIFT_VERSION = 5.0;
				TARGETED_DEVICE_FAMILY = "1,2";
				TEST_TARGET_NAME = TicTacToe;
			};
			name = Debug;
		};
		32519D5825812A22001C1908 /* Release */ = {
			isa = XCBuildConfiguration;
			buildSettings = {
				ALWAYS_EMBED_SWIFT_STANDARD_LIBRARIES = YES;
				CODE_SIGN_STYLE = Automatic;
				DEVELOPMENT_TEAM = L3VS2GX4A2;
				INFOPLIST_FILE = TicTacToeUITests/Info.plist;
				LD_RUNPATH_SEARCH_PATHS = (
					"$(inherited)",
					"@executable_path/Frameworks",
					"@loader_path/Frameworks",
				);
				PRODUCT_BUNDLE_IDENTIFIER = iancreech.TicTacToeUITests;
				PRODUCT_NAME = "$(TARGET_NAME)";
				SWIFT_VERSION = 5.0;
				TARGETED_DEVICE_FAMILY = "1,2";
				TEST_TARGET_NAME = TicTacToe;
			};
			name = Release;
		};
/* End XCBuildConfiguration section */

/* Begin XCConfigurationList section */
		32519D2625812A21001C1908 /* Build configuration list for PBXProject "TicTacToe" */ = {
			isa = XCConfigurationList;
			buildConfigurations = (
				32519D4E25812A22001C1908 /* Debug */,
				32519D4F25812A22001C1908 /* Release */,
			);
			defaultConfigurationIsVisible = 0;
			defaultConfigurationName = Release;
		};
		32519D5025812A22001C1908 /* Build configuration list for PBXNativeTarget "TicTacToe" */ = {
			isa = XCConfigurationList;
			buildConfigurations = (
				32519D5125812A22001C1908 /* Debug */,
				32519D5225812A22001C1908 /* Release */,
			);
			defaultConfigurationIsVisible = 0;
			defaultConfigurationName = Release;
		};
		32519D5325812A22001C1908 /* Build configuration list for PBXNativeTarget "TicTacToeTests" */ = {
			isa = XCConfigurationList;
			buildConfigurations = (
				32519D5425812A22001C1908 /* Debug */,
				32519D5525812A22001C1908 /* Release */,
			);
			defaultConfigurationIsVisible = 0;
			defaultConfigurationName = Release;
		};
		32519D5625812A22001C1908 /* Build configuration list for PBXNativeTarget "TicTacToeUITests" */ = {
			isa = XCConfigurationList;
			buildConfigurations = (
				32519D5725812A22001C1908 /* Debug */,
				32519D5825812A22001C1908 /* Release */,
			);
			defaultConfigurationIsVisible = 0;
			defaultConfigurationName = Release;
		};
/* End XCConfigurationList section */
	};
	rootObject = 32519D2325812A21001C1908 /* Project object */;
}
